
Microsoft Visual Studio Solution File, Format Version 12.00
# Visual Studio Version 17
VisualStudioVersion = 17.0.31912.275
MinimumVisualStudioVersion = 10.0.40219.1
Project("{9A19103F-16F7-4668-BE54-9A1E7A4F7556}") = "BookingSystem.WEB", "BookingSystem.WEB\BookingSystem.WEB.csproj", "{C22CF758-D41E-4BC1-86D6-C246B4F72ACE}"
	ProjectSection(ProjectDependencies) = postProject
		{AADAD9FA-2F34-43F7-90B4-299B36CD82B3} = {AADAD9FA-2F34-43F7-90B4-299B36CD82B3}
	EndProjectSection
EndProject
Project("{9A19103F-16F7-4668-BE54-9A1E7A4F7556}") = "BookingSystem.DataLayer", "BookingSystem.DataLayer\BookingSystem.DataLayer.csproj", "{EEDC7140-1F96-4EA2-8CFF-A9934A892C03}"
EndProject
Project("{9A19103F-16F7-4668-BE54-9A1E7A4F7556}") = "BookingSystem.BusinessLogic", "BookingSystem.BusinessLogic\BookingSystem.BusinessLogic.csproj", "{AADAD9FA-2F34-43F7-90B4-299B36CD82B3}"
	ProjectSection(ProjectDependencies) = postProject
		{EEDC7140-1F96-4EA2-8CFF-A9934A892C03} = {EEDC7140-1F96-4EA2-8CFF-A9934A892C03}
	EndProjectSection
EndProject
Global
	GlobalSection(SolutionConfigurationPlatforms) = preSolution
		Debug|Any CPU = Debug|Any CPU
		Release|Any CPU = Release|Any CPU
	EndGlobalSection
	GlobalSection(ProjectConfigurationPlatforms) = postSolution
		{C22CF758-D41E-4BC1-86D6-C246B4F72ACE}.Debug|Any CPU.ActiveCfg = Debug|Any CPU
		{C22CF758-D41E-4BC1-86D6-C246B4F72ACE}.Debug|Any CPU.Build.0 = Debug|Any CPU
		{C22CF758-D41E-4BC1-86D6-C246B4F72ACE}.Release|Any CPU.ActiveCfg = Release|Any CPU
		{C22CF758-D41E-4BC1-86D6-C246B4F72ACE}.Release|Any CPU.Build.0 = Release|Any CPU
		{EEDC7140-1F96-4EA2-8CFF-A9934A892C03}.Debug|Any CPU.ActiveCfg = Debug|Any CPU
		{EEDC7140-1F96-4EA2-8CFF-A9934A892C03}.Debug|Any CPU.Build.0 = Debug|Any CPU
		{EEDC7140-1F96-4EA2-8CFF-A9934A892C03}.Release|Any CPU.ActiveCfg = Release|Any CPU
		{EEDC7140-1F96-4EA2-8CFF-A9934A892C03}.Release|Any CPU.Build.0 = Release|Any CPU
		{AADAD9FA-2F34-43F7-90B4-299B36CD82B3}.Debug|Any CPU.ActiveCfg = Debug|Any CPU
		{AADAD9FA-2F34-43F7-90B4-299B36CD82B3}.Debug|Any CPU.Build.0 = Debug|Any CPU
		{AADAD9FA-2F34-43F7-90B4-299B36CD82B3}.Release|Any CPU.ActiveCfg = Release|Any CPU
		{AADAD9FA-2F34-43F7-90B4-299B36CD82B3}.Release|Any CPU.Build.0 = Release|Any CPU
	EndGlobalSection
	GlobalSection(SolutionProperties) = preSolution
		HideSolutionNode = FALSE
	EndGlobalSection
	GlobalSection(ExtensibilityGlobals) = postSolution
		SolutionGuid = {3BF5D4EA-9358-4681-86FB-1A739AB24B7A}
	EndGlobalSection
EndGlobal
